
Microsoft Visual Studio Solution File, Format Version 12.00
# Visual Studio 15
VisualStudioVersion = 15.0.26430.15
MinimumVisualStudioVersion = 10.0.40219.1
Project("{FAE04EC0-301F-11D3-BF4B-00C04F79EFBC}") = "TabbedPageExt", "TabbedPageExt\TabbedPageExt\TabbedPageExt.csproj", "{33326127-B737-4D24-91B0-D144DF8EA587}"
EndProject
Project("{FAE04EC0-301F-11D3-BF4B-00C04F79EFBC}") = "TabbedPageExt.iOS", "TabbedPageExt\TabbedPageExt.iOS\TabbedPageExt.iOS.csproj", "{50FEF56F-7131-4E71-AA8F-89C784FE3585}"
EndProject
Project("{FAE04EC0-301F-11D3-BF4B-00C04F79EFBC}") = "TabbedPageExt.Android", "TabbedPageExt\TabbedPageExt.Android\TabbedPageExt.Android.csproj", "{D10C20A0-5F11-4E77-BE59-7E855537BE74}"
EndProject
Project("{2150E333-8FDC-42A3-9474-1A3956D46DE8}") = "Demo", "Demo", "{72C9AF66-B62D-48C8-B503-01665158E423}"
EndProject
Project("{FAE04EC0-301F-11D3-BF4B-00C04F79EFBC}") = "TabbedPageExtDemo", "TabbedPageExtDemo\TabbedPageExtDemo\TabbedPageExtDemo.csproj", "{7A242AAE-433F-4217-AEB0-722AB082F70C}"
EndProject
Project("{FAE04EC0-301F-11D3-BF4B-00C04F79EFBC}") = "TabbedPageExtDemo.Android", "TabbedPageExtDemo\TabbedPageExtDemo.Android\TabbedPageExtDemo.Android.csproj", "{20DCADC9-0652-439F-9E0E-413554A77CF9}"
EndProject
Project("{FAE04EC0-301F-11D3-BF4B-00C04F79EFBC}") = "TabbedPageExtDemo.iOS", "TabbedPageExtDemo\TabbedPageExtDemo.iOS\TabbedPageExtDemo.iOS.csproj", "{5B92DA67-15B3-4655-9F6B-435B0FEA86CD}"
EndProject
Project("{FAE04EC0-301F-11D3-BF4B-00C04F79EFBC}") = "TabbedPageExtDemo.UWP", "TabbedPageExtDemo\TabbedPageExtDemo.UWP\TabbedPageExtDemo.UWP.csproj", "{EEAB5E35-C415-4B3C-AD94-9DC870814838}"
EndProject
Global
	GlobalSection(SolutionConfigurationPlatforms) = preSolution
		Ad-Hoc|Any CPU = Ad-Hoc|Any CPU
		Ad-Hoc|ARM = Ad-Hoc|ARM
		Ad-Hoc|iPhone = Ad-Hoc|iPhone
		Ad-Hoc|iPhoneSimulator = Ad-Hoc|iPhoneSimulator
		Ad-Hoc|x64 = Ad-Hoc|x64
		Ad-Hoc|x86 = Ad-Hoc|x86
		AppStore|Any CPU = AppStore|Any CPU
		AppStore|ARM = AppStore|ARM
		AppStore|iPhone = AppStore|iPhone
		AppStore|iPhoneSimulator = AppStore|iPhoneSimulator
		AppStore|x64 = AppStore|x64
		AppStore|x86 = AppStore|x86
		Debug|Any CPU = Debug|Any CPU
		Debug|ARM = Debug|ARM
		Debug|iPhone = Debug|iPhone
		Debug|iPhoneSimulator = Debug|iPhoneSimulator
		Debug|x64 = Debug|x64
		Debug|x86 = Debug|x86
		Release|Any CPU = Release|Any CPU
		Release|ARM = Release|ARM
		Release|iPhone = Release|iPhone
		Release|iPhoneSimulator = Release|iPhoneSimulator
		Release|x64 = Release|x64
		Release|x86 = Release|x86
	EndGlobalSection
	GlobalSection(ProjectConfigurationPlatforms) = postSolution
		{33326127-B737-4D24-91B0-D144DF8EA587}.Ad-Hoc|Any CPU.ActiveCfg = Release|Any CPU
		{33326127-B737-4D24-91B0-D144DF8EA587}.Ad-Hoc|Any CPU.Build.0 = Release|Any CPU
		{33326127-B737-4D24-91B0-D144DF8EA587}.Ad-Hoc|ARM.ActiveCfg = Release|Any CPU
		{33326127-B737-4D24-91B0-D144DF8EA587}.Ad-Hoc|ARM.Build.0 = Release|Any CPU
		{33326127-B737-4D24-91B0-D144DF8EA587}.Ad-Hoc|iPhone.ActiveCfg = Release|Any CPU
		{33326127-B737-4D24-91B0-D144DF8EA587}.Ad-Hoc|iPhone.Build.0 = Release|Any CPU
		{33326127-B737-4D24-91B0-D144DF8EA587}.Ad-Hoc|iPhoneSimulator.ActiveCfg = Release|Any CPU
		{33326127-B737-4D24-91B0-D144DF8EA587}.Ad-Hoc|iPhoneSimulator.Build.0 = Release|Any CPU
		{33326127-B737-4D24-91B0-D144DF8EA587}.Ad-Hoc|x64.ActiveCfg = Release|Any CPU
		{33326127-B737-4D24-91B0-D144DF8EA587}.Ad-Hoc|x64.Build.0 = Release|Any CPU
		{33326127-B737-4D24-91B0-D144DF8EA587}.Ad-Hoc|x86.ActiveCfg = Release|Any CPU
		{33326127-B737-4D24-91B0-D144DF8EA587}.Ad-Hoc|x86.Build.0 = Release|Any CPU
		{33326127-B737-4D24-91B0-D144DF8EA587}.AppStore|Any CPU.ActiveCfg = Release|Any CPU
		{33326127-B737-4D24-91B0-D144DF8EA587}.AppStore|Any CPU.Build.0 = Release|Any CPU
		{33326127-B737-4D24-91B0-D144DF8EA587}.AppStore|ARM.ActiveCfg = Release|Any CPU
		{33326127-B737-4D24-91B0-D144DF8EA587}.AppStore|ARM.Build.0 = Release|Any CPU
		{33326127-B737-4D24-91B0-D144DF8EA587}.AppStore|iPhone.ActiveCfg = Release|Any CPU
		{33326127-B737-4D24-91B0-D144DF8EA587}.AppStore|iPhone.Build.0 = Release|Any CPU
		{33326127-B737-4D24-91B0-D144DF8EA587}.AppStore|iPhoneSimulator.ActiveCfg = Release|Any CPU
		{33326127-B737-4D24-91B0-D144DF8EA587}.AppStore|iPhoneSimulator.Build.0 = Release|Any CPU
		{33326127-B737-4D24-91B0-D144DF8EA587}.AppStore|x64.ActiveCfg = Release|Any CPU
		{33326127-B737-4D24-91B0-D144DF8EA587}.AppStore|x64.Build.0 = Release|Any CPU
		{33326127-B737-4D24-91B0-D144DF8EA587}.AppStore|x86.ActiveCfg = Release|Any CPU
		{33326127-B737-4D24-91B0-D144DF8EA587}.AppStore|x86.Build.0 = Release|Any CPU
		{33326127-B737-4D24-91B0-D144DF8EA587}.Debug|Any CPU.ActiveCfg = Debug|Any CPU
		{33326127-B737-4D24-91B0-D144DF8EA587}.Debug|Any CPU.Build.0 = Debug|Any CPU
		{33326127-B737-4D24-91B0-D144DF8EA587}.Debug|ARM.ActiveCfg = Debug|Any CPU
		{33326127-B737-4D24-91B0-D144DF8EA587}.Debug|ARM.Build.0 = Debug|Any CPU
		{33326127-B737-4D24-91B0-D144DF8EA587}.Debug|iPhone.ActiveCfg = Debug|Any CPU
		{33326127-B737-4D24-91B0-D144DF8EA587}.Debug|iPhone.Build.0 = Debug|Any CPU
		{33326127-B737-4D24-91B0-D144DF8EA587}.Debug|iPhoneSimulator.ActiveCfg = Debug|Any CPU
		{33326127-B737-4D24-91B0-D144DF8EA587}.Debug|iPhoneSimulator.Build.0 = Debug|Any CPU
		{33326127-B737-4D24-91B0-D144DF8EA587}.Debug|x64.ActiveCfg = Debug|Any CPU
		{33326127-B737-4D24-91B0-D144DF8EA587}.Debug|x64.Build.0 = Debug|Any CPU
		{33326127-B737-4D24-91B0-D144DF8EA587}.Debug|x86.ActiveCfg = Debug|Any CPU
		{33326127-B737-4D24-91B0-D144DF8EA587}.Debug|x86.Build.0 = Debug|Any CPU
		{33326127-B737-4D24-91B0-D144DF8EA587}.Release|Any CPU.ActiveCfg = Release|Any CPU
		{33326127-B737-4D24-91B0-D144DF8EA587}.Release|Any CPU.Build.0 = Release|Any CPU
		{33326127-B737-4D24-91B0-D144DF8EA587}.Release|ARM.ActiveCfg = Release|Any CPU
		{33326127-B737-4D24-91B0-D144DF8EA587}.Release|ARM.Build.0 = Release|Any CPU
		{33326127-B737-4D24-91B0-D144DF8EA587}.Release|iPhone.ActiveCfg = Release|Any CPU
		{33326127-B737-4D24-91B0-D144DF8EA587}.Release|iPhone.Build.0 = Release|Any CPU
		{33326127-B737-4D24-91B0-D144DF8EA587}.Release|iPhoneSimulator.ActiveCfg = Release|Any CPU
		{33326127-B737-4D24-91B0-D144DF8EA587}.Release|iPhoneSimulator.Build.0 = Release|Any CPU
		{33326127-B737-4D24-91B0-D144DF8EA587}.Release|x64.ActiveCfg = Release|Any CPU
		{33326127-B737-4D24-91B0-D144DF8EA587}.Release|x64.Build.0 = Release|Any CPU
		{33326127-B737-4D24-91B0-D144DF8EA587}.Release|x86.ActiveCfg = Release|Any CPU
		{33326127-B737-4D24-91B0-D144DF8EA587}.Release|x86.Build.0 = Release|Any CPU
		{50FEF56F-7131-4E71-AA8F-89C784FE3585}.Ad-Hoc|Any CPU.ActiveCfg = Release|Any CPU
		{50FEF56F-7131-4E71-AA8F-89C784FE3585}.Ad-Hoc|Any CPU.Build.0 = Release|Any CPU
		{50FEF56F-7131-4E71-AA8F-89C784FE3585}.Ad-Hoc|ARM.ActiveCfg = Release|Any CPU
		{50FEF56F-7131-4E71-AA8F-89C784FE3585}.Ad-Hoc|ARM.Build.0 = Release|Any CPU
		{50FEF56F-7131-4E71-AA8F-89C784FE3585}.Ad-Hoc|iPhone.ActiveCfg = Release|Any CPU
		{50FEF56F-7131-4E71-AA8F-89C784FE3585}.Ad-Hoc|iPhone.Build.0 = Release|Any CPU
		{50FEF56F-7131-4E71-AA8F-89C784FE3585}.Ad-Hoc|iPhoneSimulator.ActiveCfg = Release|Any CPU
		{50FEF56F-7131-4E71-AA8F-89C784FE3585}.Ad-Hoc|iPhoneSimulator.Build.0 = Release|Any CPU
		{50FEF56F-7131-4E71-AA8F-89C784FE3585}.Ad-Hoc|x64.ActiveCfg = Release|Any CPU
		{50FEF56F-7131-4E71-AA8F-89C784FE3585}.Ad-Hoc|x64.Build.0 = Release|Any CPU
		{50FEF56F-7131-4E71-AA8F-89C784FE3585}.Ad-Hoc|x86.ActiveCfg = Release|Any CPU
		{50FEF56F-7131-4E71-AA8F-89C784FE3585}.Ad-Hoc|x86.Build.0 = Release|Any CPU
		{50FEF56F-7131-4E71-AA8F-89C784FE3585}.AppStore|Any CPU.ActiveCfg = Release|Any CPU
		{50FEF56F-7131-4E71-AA8F-89C784FE3585}.AppStore|Any CPU.Build.0 = Release|Any CPU
		{50FEF56F-7131-4E71-AA8F-89C784FE3585}.AppStore|ARM.ActiveCfg = Release|Any CPU
		{50FEF56F-7131-4E71-AA8F-89C784FE3585}.AppStore|ARM.Build.0 = Release|Any CPU
		{50FEF56F-7131-4E71-AA8F-89C784FE3585}.AppStore|iPhone.ActiveCfg = Release|Any CPU
		{50FEF56F-7131-4E71-AA8F-89C784FE3585}.AppStore|iPhone.Build.0 = Release|Any CPU
		{50FEF56F-7131-4E71-AA8F-89C784FE3585}.AppStore|iPhoneSimulator.ActiveCfg = Release|Any CPU
		{50FEF56F-7131-4E71-AA8F-89C784FE3585}.AppStore|iPhoneSimulator.Build.0 = Release|Any CPU
		{50FEF56F-7131-4E71-AA8F-89C784FE3585}.AppStore|x64.ActiveCfg = Release|Any CPU
		{50FEF56F-7131-4E71-AA8F-89C784FE3585}.AppStore|x64.Build.0 = Release|Any CPU
		{50FEF56F-7131-4E71-AA8F-89C784FE3585}.AppStore|x86.ActiveCfg = Release|Any CPU
		{50FEF56F-7131-4E71-AA8F-89C784FE3585}.AppStore|x86.Build.0 = Release|Any CPU
		{50FEF56F-7131-4E71-AA8F-89C784FE3585}.Debug|Any CPU.ActiveCfg = Debug|Any CPU
		{50FEF56F-7131-4E71-AA8F-89C784FE3585}.Debug|Any CPU.Build.0 = Debug|Any CPU
		{50FEF56F-7131-4E71-AA8F-89C784FE3585}.Debug|ARM.ActiveCfg = Debug|Any CPU
		{50FEF56F-7131-4E71-AA8F-89C784FE3585}.Debug|ARM.Build.0 = Debug|Any CPU
		{50FEF56F-7131-4E71-AA8F-89C784FE3585}.Debug|iPhone.ActiveCfg = Debug|Any CPU
		{50FEF56F-7131-4E71-AA8F-89C784FE3585}.Debug|iPhone.Build.0 = Debug|Any CPU
		{50FEF56F-7131-4E71-AA8F-89C784FE3585}.Debug|iPhoneSimulator.ActiveCfg = Debug|Any CPU
		{50FEF56F-7131-4E71-AA8F-89C784FE3585}.Debug|iPhoneSimulator.Build.0 = Debug|Any CPU
		{50FEF56F-7131-4E71-AA8F-89C784FE3585}.Debug|x64.ActiveCfg = Debug|Any CPU
		{50FEF56F-7131-4E71-AA8F-89C784FE3585}.Debug|x64.Build.0 = Debug|Any CPU
		{50FEF56F-7131-4E71-AA8F-89C784FE3585}.Debug|x86.ActiveCfg = Debug|Any CPU
		{50FEF56F-7131-4E71-AA8F-89C784FE3585}.Debug|x86.Build.0 = Debug|Any CPU
		{50FEF56F-7131-4E71-AA8F-89C784FE3585}.Release|Any CPU.ActiveCfg = Release|Any CPU
		{50FEF56F-7131-4E71-AA8F-89C784FE3585}.Release|Any CPU.Build.0 = Release|Any CPU
		{50FEF56F-7131-4E71-AA8F-89C784FE3585}.Release|ARM.ActiveCfg = Release|Any CPU
		{50FEF56F-7131-4E71-AA8F-89C784FE3585}.Release|ARM.Build.0 = Release|Any CPU
		{50FEF56F-7131-4E71-AA8F-89C784FE3585}.Release|iPhone.ActiveCfg = Release|Any CPU
		{50FEF56F-7131-4E71-AA8F-89C784FE3585}.Release|iPhone.Build.0 = Release|Any CPU
		{50FEF56F-7131-4E71-AA8F-89C784FE3585}.Release|iPhoneSimulator.ActiveCfg = Release|Any CPU
		{50FEF56F-7131-4E71-AA8F-89C784FE3585}.Release|iPhoneSimulator.Build.0 = Release|Any CPU
		{50FEF56F-7131-4E71-AA8F-89C784FE3585}.Release|x64.ActiveCfg = Release|Any CPU
		{50FEF56F-7131-4E71-AA8F-89C784FE3585}.Release|x64.Build.0 = Release|Any CPU
		{50FEF56F-7131-4E71-AA8F-89C784FE3585}.Release|x86.ActiveCfg = Release|Any CPU
		{50FEF56F-7131-4E71-AA8F-89C784FE3585}.Release|x86.Build.0 = Release|Any CPU
		{D10C20A0-5F11-4E77-BE59-7E855537BE74}.Ad-Hoc|Any CPU.ActiveCfg = Release|Any CPU
		{D10C20A0-5F11-4E77-BE59-7E855537BE74}.Ad-Hoc|Any CPU.Build.0 = Release|Any CPU
		{D10C20A0-5F11-4E77-BE59-7E855537BE74}.Ad-Hoc|ARM.ActiveCfg = Release|Any CPU
		{D10C20A0-5F11-4E77-BE59-7E855537BE74}.Ad-Hoc|ARM.Build.0 = Release|Any CPU
		{D10C20A0-5F11-4E77-BE59-7E855537BE74}.Ad-Hoc|iPhone.ActiveCfg = Release|Any CPU
		{D10C20A0-5F11-4E77-BE59-7E855537BE74}.Ad-Hoc|iPhone.Build.0 = Release|Any CPU
		{D10C20A0-5F11-4E77-BE59-7E855537BE74}.Ad-Hoc|iPhoneSimulator.ActiveCfg = Release|Any CPU
		{D10C20A0-5F11-4E77-BE59-7E855537BE74}.Ad-Hoc|iPhoneSimulator.Build.0 = Release|Any CPU
		{D10C20A0-5F11-4E77-BE59-7E855537BE74}.Ad-Hoc|x64.ActiveCfg = Release|Any CPU
		{D10C20A0-5F11-4E77-BE59-7E855537BE74}.Ad-Hoc|x64.Build.0 = Release|Any CPU
		{D10C20A0-5F11-4E77-BE59-7E855537BE74}.Ad-Hoc|x86.ActiveCfg = Release|Any CPU
		{D10C20A0-5F11-4E77-BE59-7E855537BE74}.Ad-Hoc|x86.Build.0 = Release|Any CPU
		{D10C20A0-5F11-4E77-BE59-7E855537BE74}.AppStore|Any CPU.ActiveCfg = Release|Any CPU
		{D10C20A0-5F11-4E77-BE59-7E855537BE74}.AppStore|Any CPU.Build.0 = Release|Any CPU
		{D10C20A0-5F11-4E77-BE59-7E855537BE74}.AppStore|ARM.ActiveCfg = Release|Any CPU
		{D10C20A0-5F11-4E77-BE59-7E855537BE74}.AppStore|ARM.Build.0 = Release|Any CPU
		{D10C20A0-5F11-4E77-BE59-7E855537BE74}.AppStore|iPhone.ActiveCfg = Release|Any CPU
		{D10C20A0-5F11-4E77-BE59-7E855537BE74}.AppStore|iPhone.Build.0 = Release|Any CPU
		{D10C20A0-5F11-4E77-BE59-7E855537BE74}.AppStore|iPhoneSimulator.ActiveCfg = Release|Any CPU
		{D10C20A0-5F11-4E77-BE59-7E855537BE74}.AppStore|iPhoneSimulator.Build.0 = Release|Any CPU
		{D10C20A0-5F11-4E77-BE59-7E855537BE74}.AppStore|x64.ActiveCfg = Release|Any CPU
		{D10C20A0-5F11-4E77-BE59-7E855537BE74}.AppStore|x64.Build.0 = Release|Any CPU
		{D10C20A0-5F11-4E77-BE59-7E855537BE74}.AppStore|x86.ActiveCfg = Release|Any CPU
		{D10C20A0-5F11-4E77-BE59-7E855537BE74}.AppStore|x86.Build.0 = Release|Any CPU
		{D10C20A0-5F11-4E77-BE59-7E855537BE74}.Debug|Any CPU.ActiveCfg = Debug|Any CPU
		{D10C20A0-5F11-4E77-BE59-7E855537BE74}.Debug|Any CPU.Build.0 = Debug|Any CPU
		{D10C20A0-5F11-4E77-BE59-7E855537BE74}.Debug|ARM.ActiveCfg = Debug|Any CPU
		{D10C20A0-5F11-4E77-BE59-7E855537BE74}.Debug|ARM.Build.0 = Debug|Any CPU
		{D10C20A0-5F11-4E77-BE59-7E855537BE74}.Debug|iPhone.ActiveCfg = Debug|Any CPU
		{D10C20A0-5F11-4E77-BE59-7E855537BE74}.Debug|iPhone.Build.0 = Debug|Any CPU
		{D10C20A0-5F11-4E77-BE59-7E855537BE74}.Debug|iPhoneSimulator.ActiveCfg = Debug|Any CPU
		{D10C20A0-5F11-4E77-BE59-7E855537BE74}.Debug|iPhoneSimulator.Build.0 = Debug|Any CPU
		{D10C20A0-5F11-4E77-BE59-7E855537BE74}.Debug|x64.ActiveCfg = Debug|Any CPU
		{D10C20A0-5F11-4E77-BE59-7E855537BE74}.Debug|x64.Build.0 = Debug|Any CPU
		{D10C20A0-5F11-4E77-BE59-7E855537BE74}.Debug|x86.ActiveCfg = Debug|Any CPU
		{D10C20A0-5F11-4E77-BE59-7E855537BE74}.Debug|x86.Build.0 = Debug|Any CPU
		{D10C20A0-5F11-4E77-BE59-7E855537BE74}.Release|Any CPU.ActiveCfg = Release|Any CPU
		{D10C20A0-5F11-4E77-BE59-7E855537BE74}.Release|Any CPU.Build.0 = Release|Any CPU
		{D10C20A0-5F11-4E77-BE59-7E855537BE74}.Release|ARM.ActiveCfg = Release|Any CPU
		{D10C20A0-5F11-4E77-BE59-7E855537BE74}.Release|ARM.Build.0 = Release|Any CPU
		{D10C20A0-5F11-4E77-BE59-7E855537BE74}.Release|iPhone.ActiveCfg = Release|Any CPU
		{D10C20A0-5F11-4E77-BE59-7E855537BE74}.Release|iPhone.Build.0 = Release|Any CPU
		{D10C20A0-5F11-4E77-BE59-7E855537BE74}.Release|iPhoneSimulator.ActiveCfg = Release|Any CPU
		{D10C20A0-5F11-4E77-BE59-7E855537BE74}.Release|iPhoneSimulator.Build.0 = Release|Any CPU
		{D10C20A0-5F11-4E77-BE59-7E855537BE74}.Release|x64.ActiveCfg = Release|Any CPU
		{D10C20A0-5F11-4E77-BE59-7E855537BE74}.Release|x64.Build.0 = Release|Any CPU
		{D10C20A0-5F11-4E77-BE59-7E855537BE74}.Release|x86.ActiveCfg = Release|Any CPU
		{D10C20A0-5F11-4E77-BE59-7E855537BE74}.Release|x86.Build.0 = Release|Any CPU
		{7A242AAE-433F-4217-AEB0-722AB082F70C}.Ad-Hoc|Any CPU.ActiveCfg = Release|Any CPU
		{7A242AAE-433F-4217-AEB0-722AB082F70C}.Ad-Hoc|Any CPU.Build.0 = Release|Any CPU
		{7A242AAE-433F-4217-AEB0-722AB082F70C}.Ad-Hoc|ARM.ActiveCfg = Release|Any CPU
		{7A242AAE-433F-4217-AEB0-722AB082F70C}.Ad-Hoc|ARM.Build.0 = Release|Any CPU
		{7A242AAE-433F-4217-AEB0-722AB082F70C}.Ad-Hoc|iPhone.ActiveCfg = Release|Any CPU
		{7A242AAE-433F-4217-AEB0-722AB082F70C}.Ad-Hoc|iPhone.Build.0 = Release|Any CPU
		{7A242AAE-433F-4217-AEB0-722AB082F70C}.Ad-Hoc|iPhoneSimulator.ActiveCfg = Release|Any CPU
		{7A242AAE-433F-4217-AEB0-722AB082F70C}.Ad-Hoc|iPhoneSimulator.Build.0 = Release|Any CPU
		{7A242AAE-433F-4217-AEB0-722AB082F70C}.Ad-Hoc|x64.ActiveCfg = Release|Any CPU
		{7A242AAE-433F-4217-AEB0-722AB082F70C}.Ad-Hoc|x64.Build.0 = Release|Any CPU
		{7A242AAE-433F-4217-AEB0-722AB082F70C}.Ad-Hoc|x86.ActiveCfg = Release|Any CPU
		{7A242AAE-433F-4217-AEB0-722AB082F70C}.Ad-Hoc|x86.Build.0 = Release|Any CPU
		{7A242AAE-433F-4217-AEB0-722AB082F70C}.AppStore|Any CPU.ActiveCfg = Release|Any CPU
		{7A242AAE-433F-4217-AEB0-722AB082F70C}.AppStore|Any CPU.Build.0 = Release|Any CPU
		{7A242AAE-433F-4217-AEB0-722AB082F70C}.AppStore|ARM.ActiveCfg = Release|Any CPU
		{7A242AAE-433F-4217-AEB0-722AB082F70C}.AppStore|ARM.Build.0 = Release|Any CPU
		{7A242AAE-433F-4217-AEB0-722AB082F70C}.AppStore|iPhone.ActiveCfg = Release|Any CPU
		{7A242AAE-433F-4217-AEB0-722AB082F70C}.AppStore|iPhone.Build.0 = Release|Any CPU
		{7A242AAE-433F-4217-AEB0-722AB082F70C}.AppStore|iPhoneSimulator.ActiveCfg = Release|Any CPU
		{7A242AAE-433F-4217-AEB0-722AB082F70C}.AppStore|iPhoneSimulator.Build.0 = Release|Any CPU
		{7A242AAE-433F-4217-AEB0-722AB082F70C}.AppStore|x64.ActiveCfg = Release|Any CPU
		{7A242AAE-433F-4217-AEB0-722AB082F70C}.AppStore|x64.Build.0 = Release|Any CPU
		{7A242AAE-433F-4217-AEB0-722AB082F70C}.AppStore|x86.ActiveCfg = Release|Any CPU
		{7A242AAE-433F-4217-AEB0-722AB082F70C}.AppStore|x86.Build.0 = Release|Any CPU
		{7A242AAE-433F-4217-AEB0-722AB082F70C}.Debug|Any CPU.ActiveCfg = Debug|Any CPU
		{7A242AAE-433F-4217-AEB0-722AB082F70C}.Debug|Any CPU.Build.0 = Debug|Any CPU
		{7A242AAE-433F-4217-AEB0-722AB082F70C}.Debug|ARM.ActiveCfg = Debug|Any CPU
		{7A242AAE-433F-4217-AEB0-722AB082F70C}.Debug|ARM.Build.0 = Debug|Any CPU
		{7A242AAE-433F-4217-AEB0-722AB082F70C}.Debug|iPhone.ActiveCfg = Debug|Any CPU
		{7A242AAE-433F-4217-AEB0-722AB082F70C}.Debug|iPhone.Build.0 = Debug|Any CPU
		{7A242AAE-433F-4217-AEB0-722AB082F70C}.Debug|iPhoneSimulator.ActiveCfg = Debug|Any CPU
		{7A242AAE-433F-4217-AEB0-722AB082F70C}.Debug|iPhoneSimulator.Build.0 = Debug|Any CPU
		{7A242AAE-433F-4217-AEB0-722AB082F70C}.Debug|x64.ActiveCfg = Debug|Any CPU
		{7A242AAE-433F-4217-AEB0-722AB082F70C}.Debug|x64.Build.0 = Debug|Any CPU
		{7A242AAE-433F-4217-AEB0-722AB082F70C}.Debug|x86.ActiveCfg = Debug|Any CPU
		{7A242AAE-433F-4217-AEB0-722AB082F70C}.Debug|x86.Build.0 = Debug|Any CPU
		{7A242AAE-433F-4217-AEB0-722AB082F70C}.Release|Any CPU.ActiveCfg = Release|Any CPU
		{7A242AAE-433F-4217-AEB0-722AB082F70C}.Release|Any CPU.Build.0 = Release|Any CPU
		{7A242AAE-433F-4217-AEB0-722AB082F70C}.Release|ARM.ActiveCfg = Release|Any CPU
		{7A242AAE-433F-4217-AEB0-722AB082F70C}.Release|ARM.Build.0 = Release|Any CPU
		{7A242AAE-433F-4217-AEB0-722AB082F70C}.Release|iPhone.ActiveCfg = Release|Any CPU
		{7A242AAE-433F-4217-AEB0-722AB082F70C}.Release|iPhone.Build.0 = Release|Any CPU
		{7A242AAE-433F-4217-AEB0-722AB082F70C}.Release|iPhoneSimulator.ActiveCfg = Release|Any CPU
		{7A242AAE-433F-4217-AEB0-722AB082F70C}.Release|iPhoneSimulator.Build.0 = Release|Any CPU
		{7A242AAE-433F-4217-AEB0-722AB082F70C}.Release|x64.ActiveCfg = Release|Any CPU
		{7A242AAE-433F-4217-AEB0-722AB082F70C}.Release|x64.Build.0 = Release|Any CPU
		{7A242AAE-433F-4217-AEB0-722AB082F70C}.Release|x86.ActiveCfg = Release|Any CPU
		{7A242AAE-433F-4217-AEB0-722AB082F70C}.Release|x86.Build.0 = Release|Any CPU
		{20DCADC9-0652-439F-9E0E-413554A77CF9}.Ad-Hoc|Any CPU.ActiveCfg = Release|Any CPU
		{20DCADC9-0652-439F-9E0E-413554A77CF9}.Ad-Hoc|Any CPU.Build.0 = Release|Any CPU
		{20DCADC9-0652-439F-9E0E-413554A77CF9}.Ad-Hoc|Any CPU.Deploy.0 = Release|Any CPU
		{20DCADC9-0652-439F-9E0E-413554A77CF9}.Ad-Hoc|ARM.ActiveCfg = Release|Any CPU
		{20DCADC9-0652-439F-9E0E-413554A77CF9}.Ad-Hoc|ARM.Build.0 = Release|Any CPU
		{20DCADC9-0652-439F-9E0E-413554A77CF9}.Ad-Hoc|ARM.Deploy.0 = Release|Any CPU
		{20DCADC9-0652-439F-9E0E-413554A77CF9}.Ad-Hoc|iPhone.ActiveCfg = Release|Any CPU
		{20DCADC9-0652-439F-9E0E-413554A77CF9}.Ad-Hoc|iPhone.Build.0 = Release|Any CPU
		{20DCADC9-0652-439F-9E0E-413554A77CF9}.Ad-Hoc|iPhone.Deploy.0 = Release|Any CPU
		{20DCADC9-0652-439F-9E0E-413554A77CF9}.Ad-Hoc|iPhoneSimulator.ActiveCfg = Release|Any CPU
		{20DCADC9-0652-439F-9E0E-413554A77CF9}.Ad-Hoc|iPhoneSimulator.Build.0 = Release|Any CPU
		{20DCADC9-0652-439F-9E0E-413554A77CF9}.Ad-Hoc|iPhoneSimulator.Deploy.0 = Release|Any CPU
		{20DCADC9-0652-439F-9E0E-413554A77CF9}.Ad-Hoc|x64.ActiveCfg = Release|Any CPU
		{20DCADC9-0652-439F-9E0E-413554A77CF9}.Ad-Hoc|x64.Build.0 = Release|Any CPU
		{20DCADC9-0652-439F-9E0E-413554A77CF9}.Ad-Hoc|x64.Deploy.0 = Release|Any CPU
		{20DCADC9-0652-439F-9E0E-413554A77CF9}.Ad-Hoc|x86.ActiveCfg = Release|Any CPU
		{20DCADC9-0652-439F-9E0E-413554A77CF9}.Ad-Hoc|x86.Build.0 = Release|Any CPU
		{20DCADC9-0652-439F-9E0E-413554A77CF9}.Ad-Hoc|x86.Deploy.0 = Release|Any CPU
		{20DCADC9-0652-439F-9E0E-413554A77CF9}.AppStore|Any CPU.ActiveCfg = Release|Any CPU
		{20DCADC9-0652-439F-9E0E-413554A77CF9}.AppStore|Any CPU.Build.0 = Release|Any CPU
		{20DCADC9-0652-439F-9E0E-413554A77CF9}.AppStore|Any CPU.Deploy.0 = Release|Any CPU
		{20DCADC9-0652-439F-9E0E-413554A77CF9}.AppStore|ARM.ActiveCfg = Release|Any CPU
		{20DCADC9-0652-439F-9E0E-413554A77CF9}.AppStore|ARM.Build.0 = Release|Any CPU
		{20DCADC9-0652-439F-9E0E-413554A77CF9}.AppStore|ARM.Deploy.0 = Release|Any CPU
		{20DCADC9-0652-439F-9E0E-413554A77CF9}.AppStore|iPhone.ActiveCfg = Release|Any CPU
		{20DCADC9-0652-439F-9E0E-413554A77CF9}.AppStore|iPhone.Build.0 = Release|Any CPU
		{20DCADC9-0652-439F-9E0E-413554A77CF9}.AppStore|iPhone.Deploy.0 = Release|Any CPU
		{20DCADC9-0652-439F-9E0E-413554A77CF9}.AppStore|iPhoneSimulator.ActiveCfg = Release|Any CPU
		{20DCADC9-0652-439F-9E0E-413554A77CF9}.AppStore|iPhoneSimulator.Build.0 = Release|Any CPU
		{20DCADC9-0652-439F-9E0E-413554A77CF9}.AppStore|iPhoneSimulator.Deploy.0 = Release|Any CPU
		{20DCADC9-0652-439F-9E0E-413554A77CF9}.AppStore|x64.ActiveCfg = Release|Any CPU
		{20DCADC9-0652-439F-9E0E-413554A77CF9}.AppStore|x64.Build.0 = Release|Any CPU
		{20DCADC9-0652-439F-9E0E-413554A77CF9}.AppStore|x64.Deploy.0 = Release|Any CPU
		{20DCADC9-0652-439F-9E0E-413554A77CF9}.AppStore|x86.ActiveCfg = Release|Any CPU
		{20DCADC9-0652-439F-9E0E-413554A77CF9}.AppStore|x86.Build.0 = Release|Any CPU
		{20DCADC9-0652-439F-9E0E-413554A77CF9}.AppStore|x86.Deploy.0 = Release|Any CPU
		{20DCADC9-0652-439F-9E0E-413554A77CF9}.Debug|Any CPU.ActiveCfg = Debug|Any CPU
		{20DCADC9-0652-439F-9E0E-413554A77CF9}.Debug|Any CPU.Build.0 = Debug|Any CPU
		{20DCADC9-0652-439F-9E0E-413554A77CF9}.Debug|Any CPU.Deploy.0 = Debug|Any CPU
		{20DCADC9-0652-439F-9E0E-413554A77CF9}.Debug|ARM.ActiveCfg = Debug|Any CPU
		{20DCADC9-0652-439F-9E0E-413554A77CF9}.Debug|ARM.Build.0 = Debug|Any CPU
		{20DCADC9-0652-439F-9E0E-413554A77CF9}.Debug|ARM.Deploy.0 = Debug|Any CPU
		{20DCADC9-0652-439F-9E0E-413554A77CF9}.Debug|iPhone.ActiveCfg = Debug|Any CPU
		{20DCADC9-0652-439F-9E0E-413554A77CF9}.Debug|iPhone.Build.0 = Debug|Any CPU
		{20DCADC9-0652-439F-9E0E-413554A77CF9}.Debug|iPhone.Deploy.0 = Debug|Any CPU
		{20DCADC9-0652-439F-9E0E-413554A77CF9}.Debug|iPhoneSimulator.ActiveCfg = Debug|Any CPU
		{20DCADC9-0652-439F-9E0E-413554A77CF9}.Debug|iPhoneSimulator.Build.0 = Debug|Any CPU
		{20DCADC9-0652-439F-9E0E-413554A77CF9}.Debug|iPhoneSimulator.Deploy.0 = Debug|Any CPU
		{20DCADC9-0652-439F-9E0E-413554A77CF9}.Debug|x64.ActiveCfg = Debug|Any CPU
		{20DCADC9-0652-439F-9E0E-413554A77CF9}.Debug|x64.Build.0 = Debug|Any CPU
		{20DCADC9-0652-439F-9E0E-413554A77CF9}.Debug|x64.Deploy.0 = Debug|Any CPU
		{20DCADC9-0652-439F-9E0E-413554A77CF9}.Debug|x86.ActiveCfg = Debug|Any CPU
		{20DCADC9-0652-439F-9E0E-413554A77CF9}.Debug|x86.Build.0 = Debug|Any CPU
		{20DCADC9-0652-439F-9E0E-413554A77CF9}.Debug|x86.Deploy.0 = Debug|Any CPU
		{20DCADC9-0652-439F-9E0E-413554A77CF9}.Release|Any CPU.ActiveCfg = Release|Any CPU
		{20DCADC9-0652-439F-9E0E-413554A77CF9}.Release|Any CPU.Build.0 = Release|Any CPU
		{20DCADC9-0652-439F-9E0E-413554A77CF9}.Release|Any CPU.Deploy.0 = Release|Any CPU
		{20DCADC9-0652-439F-9E0E-413554A77CF9}.Release|ARM.ActiveCfg = Release|Any CPU
		{20DCADC9-0652-439F-9E0E-413554A77CF9}.Release|ARM.Build.0 = Release|Any CPU
		{20DCADC9-0652-439F-9E0E-413554A77CF9}.Release|ARM.Deploy.0 = Release|Any CPU
		{20DCADC9-0652-439F-9E0E-413554A77CF9}.Release|iPhone.ActiveCfg = Release|Any CPU
		{20DCADC9-0652-439F-9E0E-413554A77CF9}.Release|iPhone.Build.0 = Release|Any CPU
		{20DCADC9-0652-439F-9E0E-413554A77CF9}.Release|iPhone.Deploy.0 = Release|Any CPU
		{20DCADC9-0652-439F-9E0E-413554A77CF9}.Release|iPhoneSimulator.ActiveCfg = Release|Any CPU
		{20DCADC9-0652-439F-9E0E-413554A77CF9}.Release|iPhoneSimulator.Build.0 = Release|Any CPU
		{20DCADC9-0652-439F-9E0E-413554A77CF9}.Release|iPhoneSimulator.Deploy.0 = Release|Any CPU
		{20DCADC9-0652-439F-9E0E-413554A77CF9}.Release|x64.ActiveCfg = Release|Any CPU
		{20DCADC9-0652-439F-9E0E-413554A77CF9}.Release|x64.Build.0 = Release|Any CPU
		{20DCADC9-0652-439F-9E0E-413554A77CF9}.Release|x64.Deploy.0 = Release|Any CPU
		{20DCADC9-0652-439F-9E0E-413554A77CF9}.Release|x86.ActiveCfg = Release|Any CPU
		{20DCADC9-0652-439F-9E0E-413554A77CF9}.Release|x86.Build.0 = Release|Any CPU
		{20DCADC9-0652-439F-9E0E-413554A77CF9}.Release|x86.Deploy.0 = Release|Any CPU
		{5B92DA67-15B3-4655-9F6B-435B0FEA86CD}.Ad-Hoc|Any CPU.ActiveCfg = Ad-Hoc|iPhone
		{5B92DA67-15B3-4655-9F6B-435B0FEA86CD}.Ad-Hoc|ARM.ActiveCfg = Ad-Hoc|iPhone
		{5B92DA67-15B3-4655-9F6B-435B0FEA86CD}.Ad-Hoc|iPhone.ActiveCfg = Ad-Hoc|iPhone
		{5B92DA67-15B3-4655-9F6B-435B0FEA86CD}.Ad-Hoc|iPhone.Build.0 = Ad-Hoc|iPhone
		{5B92DA67-15B3-4655-9F6B-435B0FEA86CD}.Ad-Hoc|iPhoneSimulator.ActiveCfg = Ad-Hoc|iPhoneSimulator
		{5B92DA67-15B3-4655-9F6B-435B0FEA86CD}.Ad-Hoc|iPhoneSimulator.Build.0 = Ad-Hoc|iPhoneSimulator
		{5B92DA67-15B3-4655-9F6B-435B0FEA86CD}.Ad-Hoc|x64.ActiveCfg = Ad-Hoc|iPhone
		{5B92DA67-15B3-4655-9F6B-435B0FEA86CD}.Ad-Hoc|x86.ActiveCfg = Ad-Hoc|iPhone
		{5B92DA67-15B3-4655-9F6B-435B0FEA86CD}.AppStore|Any CPU.ActiveCfg = AppStore|iPhone
		{5B92DA67-15B3-4655-9F6B-435B0FEA86CD}.AppStore|ARM.ActiveCfg = AppStore|iPhone
		{5B92DA67-15B3-4655-9F6B-435B0FEA86CD}.AppStore|iPhone.ActiveCfg = AppStore|iPhone
		{5B92DA67-15B3-4655-9F6B-435B0FEA86CD}.AppStore|iPhone.Build.0 = AppStore|iPhone
		{5B92DA67-15B3-4655-9F6B-435B0FEA86CD}.AppStore|iPhoneSimulator.ActiveCfg = AppStore|iPhoneSimulator
		{5B92DA67-15B3-4655-9F6B-435B0FEA86CD}.AppStore|iPhoneSimulator.Build.0 = AppStore|iPhoneSimulator
		{5B92DA67-15B3-4655-9F6B-435B0FEA86CD}.AppStore|x64.ActiveCfg = AppStore|iPhone
		{5B92DA67-15B3-4655-9F6B-435B0FEA86CD}.AppStore|x86.ActiveCfg = AppStore|iPhone
		{5B92DA67-15B3-4655-9F6B-435B0FEA86CD}.Debug|Any CPU.ActiveCfg = Debug|iPhone
		{5B92DA67-15B3-4655-9F6B-435B0FEA86CD}.Debug|ARM.ActiveCfg = Debug|iPhone
		{5B92DA67-15B3-4655-9F6B-435B0FEA86CD}.Debug|iPhone.ActiveCfg = Debug|iPhone
		{5B92DA67-15B3-4655-9F6B-435B0FEA86CD}.Debug|iPhone.Build.0 = Debug|iPhone
		{5B92DA67-15B3-4655-9F6B-435B0FEA86CD}.Debug|iPhoneSimulator.ActiveCfg = Debug|iPhoneSimulator
		{5B92DA67-15B3-4655-9F6B-435B0FEA86CD}.Debug|iPhoneSimulator.Build.0 = Debug|iPhoneSimulator
		{5B92DA67-15B3-4655-9F6B-435B0FEA86CD}.Debug|x64.ActiveCfg = Debug|iPhone
		{5B92DA67-15B3-4655-9F6B-435B0FEA86CD}.Debug|x86.ActiveCfg = Debug|iPhone
		{5B92DA67-15B3-4655-9F6B-435B0FEA86CD}.Release|Any CPU.ActiveCfg = Release|iPhone
		{5B92DA67-15B3-4655-9F6B-435B0FEA86CD}.Release|ARM.ActiveCfg = Release|iPhone
		{5B92DA67-15B3-4655-9F6B-435B0FEA86CD}.Release|iPhone.ActiveCfg = Release|iPhone
		{5B92DA67-15B3-4655-9F6B-435B0FEA86CD}.Release|iPhone.Build.0 = Release|iPhone
		{5B92DA67-15B3-4655-9F6B-435B0FEA86CD}.Release|iPhoneSimulator.ActiveCfg = Release|iPhoneSimulator
		{5B92DA67-15B3-4655-9F6B-435B0FEA86CD}.Release|iPhoneSimulator.Build.0 = Release|iPhoneSimulator
		{5B92DA67-15B3-4655-9F6B-435B0FEA86CD}.Release|x64.ActiveCfg = Release|iPhone
		{5B92DA67-15B3-4655-9F6B-435B0FEA86CD}.Release|x86.ActiveCfg = Release|iPhone
		{EEAB5E35-C415-4B3C-AD94-9DC870814838}.Ad-Hoc|Any CPU.ActiveCfg = Release|x86
		{EEAB5E35-C415-4B3C-AD94-9DC870814838}.Ad-Hoc|Any CPU.Build.0 = Release|x86
		{EEAB5E35-C415-4B3C-AD94-9DC870814838}.Ad-Hoc|Any CPU.Deploy.0 = Release|x86
		{EEAB5E35-C415-4B3C-AD94-9DC870814838}.Ad-Hoc|ARM.ActiveCfg = Release|ARM
		{EEAB5E35-C415-4B3C-AD94-9DC870814838}.Ad-Hoc|ARM.Build.0 = Release|ARM
		{EEAB5E35-C415-4B3C-AD94-9DC870814838}.Ad-Hoc|ARM.Deploy.0 = Release|ARM
		{EEAB5E35-C415-4B3C-AD94-9DC870814838}.Ad-Hoc|iPhone.ActiveCfg = Release|x86
		{EEAB5E35-C415-4B3C-AD94-9DC870814838}.Ad-Hoc|iPhone.Build.0 = Release|x86
		{EEAB5E35-C415-4B3C-AD94-9DC870814838}.Ad-Hoc|iPhone.Deploy.0 = Release|x86
		{EEAB5E35-C415-4B3C-AD94-9DC870814838}.Ad-Hoc|iPhoneSimulator.ActiveCfg = Release|x86
		{EEAB5E35-C415-4B3C-AD94-9DC870814838}.Ad-Hoc|iPhoneSimulator.Build.0 = Release|x86
		{EEAB5E35-C415-4B3C-AD94-9DC870814838}.Ad-Hoc|iPhoneSimulator.Deploy.0 = Release|x86
		{EEAB5E35-C415-4B3C-AD94-9DC870814838}.Ad-Hoc|x64.ActiveCfg = Release|x64
		{EEAB5E35-C415-4B3C-AD94-9DC870814838}.Ad-Hoc|x64.Build.0 = Release|x64
		{EEAB5E35-C415-4B3C-AD94-9DC870814838}.Ad-Hoc|x64.Deploy.0 = Release|x64
		{EEAB5E35-C415-4B3C-AD94-9DC870814838}.Ad-Hoc|x86.ActiveCfg = Release|x86
		{EEAB5E35-C415-4B3C-AD94-9DC870814838}.Ad-Hoc|x86.Build.0 = Release|x86
		{EEAB5E35-C415-4B3C-AD94-9DC870814838}.Ad-Hoc|x86.Deploy.0 = Release|x86
		{EEAB5E35-C415-4B3C-AD94-9DC870814838}.AppStore|Any CPU.ActiveCfg = Release|x86
		{EEAB5E35-C415-4B3C-AD94-9DC870814838}.AppStore|Any CPU.Build.0 = Release|x86
		{EEAB5E35-C415-4B3C-AD94-9DC870814838}.AppStore|Any CPU.Deploy.0 = Release|x86
		{EEAB5E35-C415-4B3C-AD94-9DC870814838}.AppStore|ARM.ActiveCfg = Release|ARM
		{EEAB5E35-C415-4B3C-AD94-9DC870814838}.AppStore|ARM.Build.0 = Release|ARM
		{EEAB5E35-C415-4B3C-AD94-9DC870814838}.AppStore|ARM.Deploy.0 = Release|ARM
		{EEAB5E35-C415-4B3C-AD94-9DC870814838}.AppStore|iPhone.ActiveCfg = Release|x86
		{EEAB5E35-C415-4B3C-AD94-9DC870814838}.AppStore|iPhone.Build.0 = Release|x86
		{EEAB5E35-C415-4B3C-AD94-9DC870814838}.AppStore|iPhone.Deploy.0 = Release|x86
		{EEAB5E35-C415-4B3C-AD94-9DC870814838}.AppStore|iPhoneSimulator.ActiveCfg = Release|x86
		{EEAB5E35-C415-4B3C-AD94-9DC870814838}.AppStore|iPhoneSimulator.Build.0 = Release|x86
		{EEAB5E35-C415-4B3C-AD94-9DC870814838}.AppStore|iPhoneSimulator.Deploy.0 = Release|x86
		{EEAB5E35-C415-4B3C-AD94-9DC870814838}.AppStore|x64.ActiveCfg = Release|x64
		{EEAB5E35-C415-4B3C-AD94-9DC870814838}.AppStore|x64.Build.0 = Release|x64
		{EEAB5E35-C415-4B3C-AD94-9DC870814838}.AppStore|x64.Deploy.0 = Release|x64
		{EEAB5E35-C415-4B3C-AD94-9DC870814838}.AppStore|x86.ActiveCfg = Release|x86
		{EEAB5E35-C415-4B3C-AD94-9DC870814838}.AppStore|x86.Build.0 = Release|x86
		{EEAB5E35-C415-4B3C-AD94-9DC870814838}.AppStore|x86.Deploy.0 = Release|x86
		{EEAB5E35-C415-4B3C-AD94-9DC870814838}.Debug|Any CPU.ActiveCfg = Debug|x86
		{EEAB5E35-C415-4B3C-AD94-9DC870814838}.Debug|Any CPU.Build.0 = Debug|x86
		{EEAB5E35-C415-4B3C-AD94-9DC870814838}.Debug|Any CPU.Deploy.0 = Debug|x86
		{EEAB5E35-C415-4B3C-AD94-9DC870814838}.Debug|ARM.ActiveCfg = Debug|ARM
		{EEAB5E35-C415-4B3C-AD94-9DC870814838}.Debug|ARM.Build.0 = Debug|ARM
		{EEAB5E35-C415-4B3C-AD94-9DC870814838}.Debug|ARM.Deploy.0 = Debug|ARM
		{EEAB5E35-C415-4B3C-AD94-9DC870814838}.Debug|iPhone.ActiveCfg = Debug|x86
		{EEAB5E35-C415-4B3C-AD94-9DC870814838}.Debug|iPhoneSimulator.ActiveCfg = Debug|x86
		{EEAB5E35-C415-4B3C-AD94-9DC870814838}.Debug|x64.ActiveCfg = Debug|x64
		{EEAB5E35-C415-4B3C-AD94-9DC870814838}.Debug|x64.Build.0 = Debug|x64
		{EEAB5E35-C415-4B3C-AD94-9DC870814838}.Debug|x64.Deploy.0 = Debug|x64
		{EEAB5E35-C415-4B3C-AD94-9DC870814838}.Debug|x86.ActiveCfg = Debug|x86
		{EEAB5E35-C415-4B3C-AD94-9DC870814838}.Debug|x86.Build.0 = Debug|x86
		{EEAB5E35-C415-4B3C-AD94-9DC870814838}.Debug|x86.Deploy.0 = Debug|x86
		{EEAB5E35-C415-4B3C-AD94-9DC870814838}.Release|Any CPU.ActiveCfg = Release|x86
		{EEAB5E35-C415-4B3C-AD94-9DC870814838}.Release|ARM.ActiveCfg = Release|ARM
		{EEAB5E35-C415-4B3C-AD94-9DC870814838}.Release|ARM.Build.0 = Release|ARM
		{EEAB5E35-C415-4B3C-AD94-9DC870814838}.Release|ARM.Deploy.0 = Release|ARM
		{EEAB5E35-C415-4B3C-AD94-9DC870814838}.Release|iPhone.ActiveCfg = Release|x86
		{EEAB5E35-C415-4B3C-AD94-9DC870814838}.Release|iPhoneSimulator.ActiveCfg = Release|x86
		{EEAB5E35-C415-4B3C-AD94-9DC870814838}.Release|x64.ActiveCfg = Release|x64
		{EEAB5E35-C415-4B3C-AD94-9DC870814838}.Release|x64.Build.0 = Release|x64
		{EEAB5E35-C415-4B3C-AD94-9DC870814838}.Release|x64.Deploy.0 = Release|x64
		{EEAB5E35-C415-4B3C-AD94-9DC870814838}.Release|x86.ActiveCfg = Release|x86
		{EEAB5E35-C415-4B3C-AD94-9DC870814838}.Release|x86.Build.0 = Release|x86
		{EEAB5E35-C415-4B3C-AD94-9DC870814838}.Release|x86.Deploy.0 = Release|x86
	EndGlobalSection
	GlobalSection(SolutionProperties) = preSolution
		HideSolutionNode = FALSE
	EndGlobalSection
	GlobalSection(NestedProjects) = preSolution
		{7A242AAE-433F-4217-AEB0-722AB082F70C} = {72C9AF66-B62D-48C8-B503-01665158E423}
		{20DCADC9-0652-439F-9E0E-413554A77CF9} = {72C9AF66-B62D-48C8-B503-01665158E423}
		{5B92DA67-15B3-4655-9F6B-435B0FEA86CD} = {72C9AF66-B62D-48C8-B503-01665158E423}
		{EEAB5E35-C415-4B3C-AD94-9DC870814838} = {72C9AF66-B62D-48C8-B503-01665158E423}
	EndGlobalSection
EndGlobal
